
Microsoft Visual Studio Solution File, Format Version 12.00
# Visual Studio Version 16
VisualStudioVersion = 16.0.29123.88
MinimumVisualStudioVersion = 10.0.40219.1
Project("{9A19103F-16F7-4668-BE54-9A1E7A4F7556}") = "Ajf.NsPlanner.Tests", "Ajf.NsPlanner.Tests\Ajf.NsPlanner.Tests.csproj", "{C749AE9B-9276-4D6B-A1A1-F6BA5535C708}"
EndProject
Project("{2150E333-8FDC-42A3-9474-1A3956D46DE8}") = "Infrastructure", "Infrastructure", "{798018B7-05EE-4DC0-A1FB-C531CED7479F}"
EndProject
Project("{2150E333-8FDC-42A3-9474-1A3956D46DE8}") = "Tests", "Tests", "{6E6D0936-80AB-4C23-A4A7-FFF1E828F576}"
EndProject
Project("{2150E333-8FDC-42A3-9474-1A3956D46DE8}") = "Presentation", "Presentation", "{A09D2E98-98AC-41E5-BC77-D9B14FD774D8}"
EndProject
Project("{2150E333-8FDC-42A3-9474-1A3956D46DE8}") = "Domain", "Domain", "{3468C29F-91D6-4EE7-8988-DA05429FFC4B}"
EndProject
Project("{2150E333-8FDC-42A3-9474-1A3956D46DE8}") = "Application", "Application", "{26CAED34-428A-45EE-90DB-0FBFE6F3514E}"
EndProject
Project("{9A19103F-16F7-4668-BE54-9A1E7A4F7556}") = "Ajf.NsPlanner.Application", "Ajf.NsPlanner.Application\Ajf.NsPlanner.Application.csproj", "{613EABEF-1789-481D-B383-8F96AEB3636D}"
EndProject
Project("{9A19103F-16F7-4668-BE54-9A1E7A4F7556}") = "Ajf.NsPlanner.Domain", "Ajf.NsPlanner.Domain\Ajf.NsPlanner.Domain.csproj", "{91185DA3-00E6-4576-909E-89AE2421135A}"
EndProject
Project("{9A19103F-16F7-4668-BE54-9A1E7A4F7556}") = "Ajf.NsPlanner.Infrastructure.Data", "Ajf.NsPlanner.Infrastructure.Data\Ajf.NsPlanner.Infrastructure.Data.csproj", "{99886979-4663-46FC-87E7-A0304E837056}"
EndProject
Project("{9A19103F-16F7-4668-BE54-9A1E7A4F7556}") = "Ajf.NsPlanner", "Ajf.NsPlanner\Ajf.NsPlanner.csproj", "{BE7BC400-9E5E-4C5B-8CDA-EE6D46A14DCA}"
EndProject
Project("{9A19103F-16F7-4668-BE54-9A1E7A4F7556}") = "Ajf.TestDataGenerator", "Ajf.TestDataGenerator\Ajf.TestDataGenerator.csproj", "{D7CBEBDD-F744-42F1-801D-FBCDA8C5D048}"
EndProject
Project("{2150E333-8FDC-42A3-9474-1A3956D46DE8}") = "Setup", "Setup", "{1BCA642D-A887-4A94-B009-E8F7F6544EED}"
EndProject
Project("{FAE04EC0-301F-11D3-BF4B-00C04F79EFBC}") = "Ajf.NsPlanner.Setup", "Ajf.NsPlanner.Setup\Ajf.NsPlanner.Setup.csproj", "{09895843-DFE5-4D73-B5DB-9E0BD9282204}"
EndProject
Global
	GlobalSection(SolutionConfigurationPlatforms) = preSolution
		Debug|Any CPU = Debug|Any CPU
		Debug|x86 = Debug|x86
		Release|Any CPU = Release|Any CPU
		Release|x86 = Release|x86
	EndGlobalSection
	GlobalSection(ProjectConfigurationPlatforms) = postSolution
		{C749AE9B-9276-4D6B-A1A1-F6BA5535C708}.Debug|Any CPU.ActiveCfg = Debug|Any CPU
		{C749AE9B-9276-4D6B-A1A1-F6BA5535C708}.Debug|Any CPU.Build.0 = Debug|Any CPU
		{C749AE9B-9276-4D6B-A1A1-F6BA5535C708}.Debug|x86.ActiveCfg = Debug|Any CPU
		{C749AE9B-9276-4D6B-A1A1-F6BA5535C708}.Debug|x86.Build.0 = Debug|Any CPU
		{C749AE9B-9276-4D6B-A1A1-F6BA5535C708}.Release|Any CPU.ActiveCfg = Release|Any CPU
		{C749AE9B-9276-4D6B-A1A1-F6BA5535C708}.Release|Any CPU.Build.0 = Release|Any CPU
		{C749AE9B-9276-4D6B-A1A1-F6BA5535C708}.Release|x86.ActiveCfg = Release|Any CPU
		{C749AE9B-9276-4D6B-A1A1-F6BA5535C708}.Release|x86.Build.0 = Release|Any CPU
		{613EABEF-1789-481D-B383-8F96AEB3636D}.Debug|Any CPU.ActiveCfg = Debug|Any CPU
		{613EABEF-1789-481D-B383-8F96AEB3636D}.Debug|Any CPU.Build.0 = Debug|Any CPU
		{613EABEF-1789-481D-B383-8F96AEB3636D}.Debug|x86.ActiveCfg = Debug|Any CPU
		{613EABEF-1789-481D-B383-8F96AEB3636D}.Debug|x86.Build.0 = Debug|Any CPU
		{613EABEF-1789-481D-B383-8F96AEB3636D}.Release|Any CPU.ActiveCfg = Release|Any CPU
		{613EABEF-1789-481D-B383-8F96AEB3636D}.Release|Any CPU.Build.0 = Release|Any CPU
		{613EABEF-1789-481D-B383-8F96AEB3636D}.Release|x86.ActiveCfg = Release|Any CPU
		{613EABEF-1789-481D-B383-8F96AEB3636D}.Release|x86.Build.0 = Release|Any CPU
		{91185DA3-00E6-4576-909E-89AE2421135A}.Debug|Any CPU.ActiveCfg = Debug|Any CPU
		{91185DA3-00E6-4576-909E-89AE2421135A}.Debug|Any CPU.Build.0 = Debug|Any CPU
		{91185DA3-00E6-4576-909E-89AE2421135A}.Debug|x86.ActiveCfg = Debug|Any CPU
		{91185DA3-00E6-4576-909E-89AE2421135A}.Debug|x86.Build.0 = Debug|Any CPU
		{91185DA3-00E6-4576-909E-89AE2421135A}.Release|Any CPU.ActiveCfg = Release|Any CPU
		{91185DA3-00E6-4576-909E-89AE2421135A}.Release|Any CPU.Build.0 = Release|Any CPU
		{91185DA3-00E6-4576-909E-89AE2421135A}.Release|x86.ActiveCfg = Release|Any CPU
		{91185DA3-00E6-4576-909E-89AE2421135A}.Release|x86.Build.0 = Release|Any CPU
		{99886979-4663-46FC-87E7-A0304E837056}.Debug|Any CPU.ActiveCfg = Debug|Any CPU
		{99886979-4663-46FC-87E7-A0304E837056}.Debug|Any CPU.Build.0 = Debug|Any CPU
		{99886979-4663-46FC-87E7-A0304E837056}.Debug|x86.ActiveCfg = Debug|Any CPU
		{99886979-4663-46FC-87E7-A0304E837056}.Debug|x86.Build.0 = Debug|Any CPU
		{99886979-4663-46FC-87E7-A0304E837056}.Release|Any CPU.ActiveCfg = Release|Any CPU
		{99886979-4663-46FC-87E7-A0304E837056}.Release|Any CPU.Build.0 = Release|Any CPU
		{99886979-4663-46FC-87E7-A0304E837056}.Release|x86.ActiveCfg = Release|Any CPU
		{99886979-4663-46FC-87E7-A0304E837056}.Release|x86.Build.0 = Release|Any CPU
		{BE7BC400-9E5E-4C5B-8CDA-EE6D46A14DCA}.Debug|Any CPU.ActiveCfg = Debug|Any CPU
		{BE7BC400-9E5E-4C5B-8CDA-EE6D46A14DCA}.Debug|Any CPU.Build.0 = Debug|Any CPU
		{BE7BC400-9E5E-4C5B-8CDA-EE6D46A14DCA}.Debug|x86.ActiveCfg = Debug|Any CPU
		{BE7BC400-9E5E-4C5B-8CDA-EE6D46A14DCA}.Debug|x86.Build.0 = Debug|Any CPU
		{BE7BC400-9E5E-4C5B-8CDA-EE6D46A14DCA}.Release|Any CPU.ActiveCfg = Release|Any CPU
		{BE7BC400-9E5E-4C5B-8CDA-EE6D46A14DCA}.Release|Any CPU.Build.0 = Release|Any CPU
		{BE7BC400-9E5E-4C5B-8CDA-EE6D46A14DCA}.Release|x86.ActiveCfg = Release|Any CPU
		{BE7BC400-9E5E-4C5B-8CDA-EE6D46A14DCA}.Release|x86.Build.0 = Release|Any CPU
		{D7CBEBDD-F744-42F1-801D-FBCDA8C5D048}.Debug|Any CPU.ActiveCfg = Debug|Any CPU
		{D7CBEBDD-F744-42F1-801D-FBCDA8C5D048}.Debug|Any CPU.Build.0 = Debug|Any CPU
		{D7CBEBDD-F744-42F1-801D-FBCDA8C5D048}.Debug|x86.ActiveCfg = Debug|Any CPU
		{D7CBEBDD-F744-42F1-801D-FBCDA8C5D048}.Debug|x86.Build.0 = Debug|Any CPU
		{D7CBEBDD-F744-42F1-801D-FBCDA8C5D048}.Release|Any CPU.ActiveCfg = Release|Any CPU
		{D7CBEBDD-F744-42F1-801D-FBCDA8C5D048}.Release|Any CPU.Build.0 = Release|Any CPU
		{D7CBEBDD-F744-42F1-801D-FBCDA8C5D048}.Release|x86.ActiveCfg = Release|Any CPU
		{D7CBEBDD-F744-42F1-801D-FBCDA8C5D048}.Release|x86.Build.0 = Release|Any CPU
		{09895843-DFE5-4D73-B5DB-9E0BD9282204}.Debug|Any CPU.ActiveCfg = Debug|Any CPU
		{09895843-DFE5-4D73-B5DB-9E0BD9282204}.Debug|Any CPU.Build.0 = Debug|Any CPU
		{09895843-DFE5-4D73-B5DB-9E0BD9282204}.Debug|x86.ActiveCfg = Debug|Any CPU
		{09895843-DFE5-4D73-B5DB-9E0BD9282204}.Debug|x86.Build.0 = Debug|Any CPU
		{09895843-DFE5-4D73-B5DB-9E0BD9282204}.Release|Any CPU.ActiveCfg = Release|Any CPU
		{09895843-DFE5-4D73-B5DB-9E0BD9282204}.Release|Any CPU.Build.0 = Release|Any CPU
		{09895843-DFE5-4D73-B5DB-9E0BD9282204}.Release|x86.ActiveCfg = Release|Any CPU
		{09895843-DFE5-4D73-B5DB-9E0BD9282204}.Release|x86.Build.0 = Release|Any CPU
	EndGlobalSection
	GlobalSection(SolutionProperties) = preSolution
		HideSolutionNode = FALSE
	EndGlobalSection
	GlobalSection(NestedProjects) = preSolution
		{C749AE9B-9276-4D6B-A1A1-F6BA5535C708} = {6E6D0936-80AB-4C23-A4A7-FFF1E828F576}
		{613EABEF-1789-481D-B383-8F96AEB3636D} = {26CAED34-428A-45EE-90DB-0FBFE6F3514E}
		{91185DA3-00E6-4576-909E-89AE2421135A} = {3468C29F-91D6-4EE7-8988-DA05429FFC4B}
		{99886979-4663-46FC-87E7-A0304E837056} = {798018B7-05EE-4DC0-A1FB-C531CED7479F}
		{BE7BC400-9E5E-4C5B-8CDA-EE6D46A14DCA} = {A09D2E98-98AC-41E5-BC77-D9B14FD774D8}
		{D7CBEBDD-F744-42F1-801D-FBCDA8C5D048} = {A09D2E98-98AC-41E5-BC77-D9B14FD774D8}
		{09895843-DFE5-4D73-B5DB-9E0BD9282204} = {1BCA642D-A887-4A94-B009-E8F7F6544EED}
	EndGlobalSection
	GlobalSection(ExtensibilityGlobals) = postSolution
		SolutionGuid = {6B219D43-4231-4CEF-B794-258732C598C1}
	EndGlobalSection
EndGlobal
